
Microsoft Visual Studio Solution File, Format Version 12.00
# Visual Studio Version 17
VisualStudioVersion = 17.6.33815.320
MinimumVisualStudioVersion = 10.0.40219.1
Project("{9A19103F-16F7-4668-BE54-9A1E7A4F7556}") = "Avalonia.AdaptiveGrid", "src\Avalonia.AdaptiveGrid.csproj", "{687CD2C6-2368-458C-AB22-55820D6BA9D6}"
EndProject
Project("{2150E333-8FDC-42A3-9474-1A3956D46DE8}") = "build", "build", "{C3F5FE74-FFB4-4471-B3E0-F02FF4108F92}"
	ProjectSection(SolutionItems) = preProject
		build\AvaloniaVersion.props = build\AvaloniaVersion.props
		build\NetAnalyzers.props = build\NetAnalyzers.props
		build\NullableEnable.props = build\NullableEnable.props
		build\SharedVersion.props = build\SharedVersion.props
		build\SourceLink.props = build\SourceLink.props
		build\TrimmingEnable.props = build\TrimmingEnable.props
		build\XUnit.props = build\XUnit.props
	EndProjectSection
EndProject
Global
	GlobalSection(SolutionConfigurationPlatforms) = preSolution
		Debug|Any CPU = Debug|Any CPU
		Release|Any CPU = Release|Any CPU
	EndGlobalSection
	GlobalSection(ProjectConfigurationPlatforms) = postSolution
		{687CD2C6-2368-458C-AB22-55820D6BA9D6}.Debug|Any CPU.ActiveCfg = Debug|Any CPU
		{687CD2C6-2368-458C-AB22-55820D6BA9D6}.Debug|Any CPU.Build.0 = Debug|Any CPU
		{687CD2C6-2368-458C-AB22-55820D6BA9D6}.Release|Any CPU.ActiveCfg = Release|Any CPU
		{687CD2C6-2368-458C-AB22-55820D6BA9D6}.Release|Any CPU.Build.0 = Release|Any CPU
	EndGlobalSection
	GlobalSection(SolutionProperties) = preSolution
		HideSolutionNode = FALSE
	EndGlobalSection
	GlobalSection(ExtensibilityGlobals) = postSolution
		SolutionGuid = {4F24BCBF-E032-4FDD-A94C-8C210C279725}
	EndGlobalSection
EndGlobal
